#MicroXplorer Configuration settings - do not modify
CAD.formats=
CAD.pinconfig=
CAD.provider=
File.Version=6
GPIO.groupedBy=Group By Peripherals
KeepUserPlacement=false
Mcu.CPN=STM32F030F4P6
Mcu.Family=STM32F0
Mcu.IP0=NVIC
Mcu.IP1=RCC
Mcu.IP2=SYS
Mcu.IP3=TIM3
Mcu.IP4=TIM14
Mcu.IPNb=5
Mcu.Name=STM32F030F4Px
Mcu.Package=TSSOP20
Mcu.Pin0=PA0
Mcu.Pin1=PA1
Mcu.Pin2=PA2
Mcu.Pin3=PA6
Mcu.Pin4=PA7
Mcu.Pin5=PA9
Mcu.Pin6=PA13
Mcu.Pin7=PA14
Mcu.Pin8=VP_SYS_VS_Systick
Mcu.Pin9=VP_TIM14_VS_ClockSourceINT
Mcu.PinsNb=10
Mcu.ThirdPartyNb=0
Mcu.UserConstants=
Mcu.UserName=STM32F030F4Px
MxCube.Version=6.14.0
MxDb.Version=DB.6.0.140
NVIC.EXTI2_3_IRQn=true\:0\:0\:false\:false\:true\:true\:true\:true
NVIC.EXTI4_15_IRQn=true\:0\:0\:false\:false\:true\:true\:true\:true
NVIC.ForceEnableDMAVector=true
NVIC.HardFault_IRQn=true\:0\:0\:false\:false\:true\:false\:false\:false
NVIC.NonMaskableInt_IRQn=true\:0\:0\:false\:false\:true\:false\:false\:false
NVIC.PendSV_IRQn=true\:0\:0\:false\:false\:true\:false\:false\:false
NVIC.SVC_IRQn=true\:0\:0\:false\:false\:true\:false\:false\:true
NVIC.SysTick_IRQn=true\:3\:0\:false\:false\:true\:false\:true\:false
NVIC.TIM14_IRQn=true\:0\:0\:false\:false\:true\:true\:true\:true
NVIC.TIM3_IRQn=true\:0\:0\:false\:false\:true\:true\:true\:true
PA0.GPIOParameters=GPIO_Label
PA0.GPIO_Label=TM1637_CLK
PA0.Locked=true
PA0.Signal=GPIO_Output
PA1.GPIOParameters=GPIO_Label
PA1.GPIO_Label=TM1637_DIO
PA1.Locked=true
PA1.Signal=GPIO_Output
PA13.Locked=true
PA13.Mode=Serial_Wire
PA13.Signal=SYS_SWDIO
PA14.Mode=Serial_Wire
PA14.Signal=SYS_SWCLK
PA2.GPIOParameters=GPIO_PuPd,GPIO_Label
PA2.GPIO_Label=big_Button
PA2.GPIO_PuPd=GPIO_PULLUP
PA2.Locked=true
PA2.Signal=GPXTI2
PA6.Signal=S_TIM3_CH1
PA7.Signal=S_TIM3_CH2
PA9.GPIOParameters=GPIO_PuPd,GPIO_Label
PA9.GPIO_Label=ENCODER_Button
PA9.GPIO_PuPd=GPIO_PULLUP
PA9.Locked=true
PA9.Signal=GPXTI9
PinOutPanel.RotationAngle=0
ProjectManager.AskForMigrate=true
ProjectManager.BackupPrevious=false
ProjectManager.CompilerLinker=GCC
ProjectManager.CompilerOptimize=6
ProjectManager.ComputerToolchain=false
ProjectManager.CoupleFile=true
ProjectManager.CustomerFirmwarePackage=
ProjectManager.DefaultFWLocation=true
ProjectManager.DeletePrevious=true
ProjectManager.DeviceId=STM32F030F4Px
ProjectManager.FirmwarePackage=STM32Cube FW_F0 V1.11.6
ProjectManager.FreePins=false
ProjectManager.HalAssertFull=false
ProjectManager.HeapSize=0x200
ProjectManager.KeepUserCode=true
ProjectManager.LastFirmware=true
ProjectManager.LibraryCopy=1
ProjectManager.MainLocation=Core/Src
ProjectManager.NoMain=false
ProjectManager.PreviousToolchain=
ProjectManager.ProjectBuild=false
ProjectManager.ProjectFileName=board-game-timer_software.ioc
ProjectManager.ProjectName=board-game-timer_software
ProjectManager.ProjectStructure=
ProjectManager.RegisterCallBack=
ProjectManager.StackSize=0x400
ProjectManager.TargetToolchain=STM32CubeIDE
ProjectManager.ToolChainLocation=
ProjectManager.UAScriptAfterPath=
ProjectManager.UAScriptBeforePath=
ProjectManager.UnderRoot=true
ProjectManager.functionlistsort=1-SystemClock_Config-RCC-false-HAL-false,2-MX_GPIO_Init-GPIO-false-HAL-true,3-MX_TIM14_Init-TIM14-false-HAL-true
RCC.FamilyName=M
RCC.IPParameters=FamilyName,PLLCLKFreq_Value,TimSysFreq_Value
RCC.PLLCLKFreq_Value=8000000
RCC.TimSysFreq_Value=8000000
SH.GPXTI2.0=GPIO_EXTI2
SH.GPXTI2.ConfNb=1
SH.GPXTI9.0=GPIO_EXTI9
SH.GPXTI9.ConfNb=1
SH.S_TIM3_CH1.0=TIM3_CH1,Encoder_Interface
SH.S_TIM3_CH1.ConfNb=1
SH.S_TIM3_CH2.0=TIM3_CH2,Encoder_Interface
SH.S_TIM3_CH2.ConfNb=1
TIM14.IPParameters=Prescaler,Period
TIM14.Period=999
TIM14.Prescaler=7999
TIM3.EncoderMode=TIM_ENCODERMODE_TI12
TIM3.IPParameters=EncoderMode
VP_SYS_VS_Systick.Mode=SysTick
VP_SYS_VS_Systick.Signal=SYS_VS_Systick
VP_TIM14_VS_ClockSourceINT.Mode=Enable_Timer
VP_TIM14_VS_ClockSourceINT.Signal=TIM14_VS_ClockSourceINT
board=custom
isbadioc=false
